
Microsoft Visual Studio Solution File, Format Version 12.00
# Visual Studio 15
VisualStudioVersion = 15.0.27130.2003
MinimumVisualStudioVersion = 10.0.40219.1
Project("{8BC9CEB8-8B4A-11D0-8D11-00A0C91BC942}") = "pilas_ejercicioExcel", "pilas_ejercicioExcel\pilas_ejercicioExcel.vcxproj", "{760C06AF-EB7F-456C-BF2D-05D3346F834A}"
EndProject
Global
	GlobalSection(SolutionConfigurationPlatforms) = preSolution
		Debug|x64 = Debug|x64
		Debug|x86 = Debug|x86
		Release|x64 = Release|x64
		Release|x86 = Release|x86
	EndGlobalSection
	GlobalSection(ProjectConfigurationPlatforms) = postSolution
		{760C06AF-EB7F-456C-BF2D-05D3346F834A}.Debug|x64.ActiveCfg = Debug|x64
		{760C06AF-EB7F-456C-BF2D-05D3346F834A}.Debug|x64.Build.0 = Debug|x64
		{760C06AF-EB7F-456C-BF2D-05D3346F834A}.Debug|x86.ActiveCfg = Debug|Win32
		{760C06AF-EB7F-456C-BF2D-05D3346F834A}.Debug|x86.Build.0 = Debug|Win32
		{760C06AF-EB7F-456C-BF2D-05D3346F834A}.Release|x64.ActiveCfg = Release|x64
		{760C06AF-EB7F-456C-BF2D-05D3346F834A}.Release|x64.Build.0 = Release|x64
		{760C06AF-EB7F-456C-BF2D-05D3346F834A}.Release|x86.ActiveCfg = Release|Win32
		{760C06AF-EB7F-456C-BF2D-05D3346F834A}.Release|x86.Build.0 = Release|Win32
	EndGlobalSection
	GlobalSection(SolutionProperties) = preSolution
		HideSolutionNode = FALSE
	EndGlobalSection
	GlobalSection(ExtensibilityGlobals) = postSolution
		SolutionGuid = {44E755E2-3FFA-4AB9-92D8-E95BBD4133C4}
	EndGlobalSection
EndGlobal
